
Microsoft Visual Studio Solution File, Format Version 12.00
# Visual Studio Version 17
VisualStudioVersion = 17.5.002.0
MinimumVisualStudioVersion = 10.0.40219.1
Project("{9A19103F-16F7-4668-BE54-9A1E7A4F7556}") = "Backend", "Backend.csproj", "{DC816235-C8EB-4E69-96AA-064BEC1D6412}"
EndProject
Global
	GlobalSection(SolutionConfigurationPlatforms) = preSolution
		Debug|Any CPU = Debug|Any CPU
		Release|Any CPU = Release|Any CPU
	EndGlobalSection
	GlobalSection(ProjectConfigurationPlatforms) = postSolution
		{DC816235-C8EB-4E69-96AA-064BEC1D6412}.Debug|Any CPU.ActiveCfg = Debug|Any CPU
		{DC816235-C8EB-4E69-96AA-064BEC1D6412}.Debug|Any CPU.Build.0 = Debug|Any CPU
		{DC816235-C8EB-4E69-96AA-064BEC1D6412}.Release|Any CPU.ActiveCfg = Release|Any CPU
		{DC816235-C8EB-4E69-96AA-064BEC1D6412}.Release|Any CPU.Build.0 = Release|Any CPU
	EndGlobalSection
	GlobalSection(SolutionProperties) = preSolution
		HideSolutionNode = FALSE
	EndGlobalSection
	GlobalSection(ExtensibilityGlobals) = postSolution
		SolutionGuid = {0448BBD0-6E94-41D7-A545-5C9F03C88E5A}
	EndGlobalSection
EndGlobal
